
Microsoft Visual Studio Solution File, Format Version 12.00
# Visual Studio 15
VisualStudioVersion = 15.0.27703.1
MinimumVisualStudioVersion = 10.0.40219.1
Project("{FAE04EC0-301F-11D3-BF4B-00C04F79EFBC}") = "Sample.Lib", "Sample.Lib\Sample.Lib.csproj", "{26109429-C87A-4727-BA55-ECA4560CDBC7}"
EndProject
Project("{FAE04EC0-301F-11D3-BF4B-00C04F79EFBC}") = "XUnitTestProject1", "XUnitTestProject1\XUnitTestProject1.csproj", "{57C748C9-B38F-4F7C-9303-D6945F62B5C9}"
EndProject
Project("{FAE04EC0-301F-11D3-BF4B-00C04F79EFBC}") = "WebApplication1", "WebApplication1\WebApplication1.csproj", "{9DB40FDA-F095-414B-8782-7332673E035D}"
EndProject
Project("{FAE04EC0-301F-11D3-BF4B-00C04F79EFBC}") = "WindowsService1", "WindowsService1\WindowsService1.csproj", "{DEC57357-5ABB-4328-8F12-63B2F012CB2F}"
EndProject
Global
	GlobalSection(SolutionConfigurationPlatforms) = preSolution
		Debug|Any CPU = Debug|Any CPU
		Release|Any CPU = Release|Any CPU
	EndGlobalSection
	GlobalSection(ProjectConfigurationPlatforms) = postSolution
		{26109429-C87A-4727-BA55-ECA4560CDBC7}.Debug|Any CPU.ActiveCfg = Debug|Any CPU
		{26109429-C87A-4727-BA55-ECA4560CDBC7}.Debug|Any CPU.Build.0 = Debug|Any CPU
		{26109429-C87A-4727-BA55-ECA4560CDBC7}.Release|Any CPU.ActiveCfg = Release|Any CPU
		{26109429-C87A-4727-BA55-ECA4560CDBC7}.Release|Any CPU.Build.0 = Release|Any CPU
		{57C748C9-B38F-4F7C-9303-D6945F62B5C9}.Debug|Any CPU.ActiveCfg = Debug|Any CPU
		{57C748C9-B38F-4F7C-9303-D6945F62B5C9}.Debug|Any CPU.Build.0 = Debug|Any CPU
		{57C748C9-B38F-4F7C-9303-D6945F62B5C9}.Release|Any CPU.ActiveCfg = Release|Any CPU
		{57C748C9-B38F-4F7C-9303-D6945F62B5C9}.Release|Any CPU.Build.0 = Release|Any CPU
		{9DB40FDA-F095-414B-8782-7332673E035D}.Debug|Any CPU.ActiveCfg = Debug|Any CPU
		{9DB40FDA-F095-414B-8782-7332673E035D}.Debug|Any CPU.Build.0 = Debug|Any CPU
		{9DB40FDA-F095-414B-8782-7332673E035D}.Release|Any CPU.ActiveCfg = Release|Any CPU
		{9DB40FDA-F095-414B-8782-7332673E035D}.Release|Any CPU.Build.0 = Release|Any CPU
		{DEC57357-5ABB-4328-8F12-63B2F012CB2F}.Debug|Any CPU.ActiveCfg = Debug|Any CPU
		{DEC57357-5ABB-4328-8F12-63B2F012CB2F}.Debug|Any CPU.Build.0 = Debug|Any CPU
		{DEC57357-5ABB-4328-8F12-63B2F012CB2F}.Release|Any CPU.ActiveCfg = Release|Any CPU
		{DEC57357-5ABB-4328-8F12-63B2F012CB2F}.Release|Any CPU.Build.0 = Release|Any CPU
	EndGlobalSection
	GlobalSection(SolutionProperties) = preSolution
		HideSolutionNode = FALSE
	EndGlobalSection
	GlobalSection(ExtensibilityGlobals) = postSolution
		SolutionGuid = {892039C2-5F53-47D7-BEDD-90871A86DB22}
	EndGlobalSection
EndGlobal
