Microsoft Visual Studio Solution File, Format Version 12.00
# Visual Studio 15
VisualStudioVersion = 15.0.26124.0
MinimumVisualStudioVersion = 15.0.26124.0
Project("{2150E333-8FDC-42A3-9474-1A3956D46DE8}") = "src", "src", "{DB042499-08A3-4C34-9231-1372043915F2}"
EndProject
Project("{2150E333-8FDC-42A3-9474-1A3956D46DE8}") = "Extensions", "Extensions", "{6444BF0F-2EED-404A-AC00-CC756F4F4ED0}"
EndProject
Project("{2150E333-8FDC-42A3-9474-1A3956D46DE8}") = "Bcl", "Bcl", "{7ACBB370-996C-43C7-A01B-CC5A562B2133}"
EndProject
Project("{FAE04EC0-301F-11D3-BF4B-00C04F79EFBC}") = "NerdyMishka.Proto", "src\Bcl\Proto\NerdyMishka.Proto.csproj", "{4D85D802-8434-4976-9D82-C106371C3A46}"
EndProject
Project("{2150E333-8FDC-42A3-9474-1A3956D46DE8}") = "test", "test", "{DA32C16D-7292-4EEC-90C5-59EC66CC018D}"
EndProject
Project("{2150E333-8FDC-42A3-9474-1A3956D46DE8}") = "Bcl", "Bcl", "{60D01D6E-9F34-4289-8142-934780802BF6}"
EndProject
Project("{FAE04EC0-301F-11D3-BF4B-00C04F79EFBC}") = "NerdyMishka.Proto.Tests", "test\Bcl\Proto.Tests\NerdyMishka.Proto.Tests.csproj", "{16B7581C-A756-4F25-89E2-9516C72F118B}"
EndProject
Project("{FAE04EC0-301F-11D3-BF4B-00C04F79EFBC}") = "NerdyMishka.Extensions.Proto.Flex", "src\Extensions\Proto.Flex\NerdyMishka.Extensions.Proto.Flex.csproj", "{AC4EF416-86E3-4B93-8A74-2FAF08C69DA9}"
EndProject
Global
	GlobalSection(SolutionConfigurationPlatforms) = preSolution
		Debug|Any CPU = Debug|Any CPU
		Release|Any CPU = Release|Any CPU
	EndGlobalSection
	GlobalSection(ProjectConfigurationPlatforms) = postSolution
		{4D85D802-8434-4976-9D82-C106371C3A46}.Debug|Any CPU.ActiveCfg = Debug|Any CPU
		{4D85D802-8434-4976-9D82-C106371C3A46}.Debug|Any CPU.Build.0 = Debug|Any CPU
		{4D85D802-8434-4976-9D82-C106371C3A46}.Release|Any CPU.ActiveCfg = Release|Any CPU
		{4D85D802-8434-4976-9D82-C106371C3A46}.Release|Any CPU.Build.0 = Release|Any CPU
		{16B7581C-A756-4F25-89E2-9516C72F118B}.Debug|Any CPU.ActiveCfg = Debug|Any CPU
		{16B7581C-A756-4F25-89E2-9516C72F118B}.Debug|Any CPU.Build.0 = Debug|Any CPU
		{16B7581C-A756-4F25-89E2-9516C72F118B}.Release|Any CPU.ActiveCfg = Release|Any CPU
		{16B7581C-A756-4F25-89E2-9516C72F118B}.Release|Any CPU.Build.0 = Release|Any CPU
		{AC4EF416-86E3-4B93-8A74-2FAF08C69DA9}.Debug|Any CPU.ActiveCfg = Debug|Any CPU
		{AC4EF416-86E3-4B93-8A74-2FAF08C69DA9}.Debug|Any CPU.Build.0 = Debug|Any CPU
		{AC4EF416-86E3-4B93-8A74-2FAF08C69DA9}.Release|Any CPU.ActiveCfg = Release|Any CPU
		{AC4EF416-86E3-4B93-8A74-2FAF08C69DA9}.Release|Any CPU.Build.0 = Release|Any CPU
	EndGlobalSection
	GlobalSection(SolutionProperties) = preSolution
		HideSolutionNode = FALSE
	EndGlobalSection
	GlobalSection(NestedProjects) = preSolution
		{6444BF0F-2EED-404A-AC00-CC756F4F4ED0} = {DB042499-08A3-4C34-9231-1372043915F2}
		{7ACBB370-996C-43C7-A01B-CC5A562B2133} = {DB042499-08A3-4C34-9231-1372043915F2}
		{4D85D802-8434-4976-9D82-C106371C3A46} = {7ACBB370-996C-43C7-A01B-CC5A562B2133}
		{60D01D6E-9F34-4289-8142-934780802BF6} = {DA32C16D-7292-4EEC-90C5-59EC66CC018D}
		{16B7581C-A756-4F25-89E2-9516C72F118B} = {60D01D6E-9F34-4289-8142-934780802BF6}
		{AC4EF416-86E3-4B93-8A74-2FAF08C69DA9} = {6444BF0F-2EED-404A-AC00-CC756F4F4ED0}
	EndGlobalSection
	GlobalSection(ExtensibilityGlobals) = postSolution
		SolutionGuid = {16666A01-3CC0-4111-8A58-9A6CA34CD76C}
	EndGlobalSection
EndGlobal
