Microsoft Visual Studio Solution File, Format Version 12.00
# Visual Studio 15
VisualStudioVersion = 15.0.26124.0
MinimumVisualStudioVersion = 15.0.26124.0
Project("{2150E333-8FDC-42A3-9474-1A3956D46DE8}") = "src", "src", "{DB042499-08A3-4C34-9231-1372043915F2}"
EndProject
Project("{FAE04EC0-301F-11D3-BF4B-00C04F79EFBC}") = "NerdyMishka.Akashic", "src\Akashic\NerdyMishka.Akashic.csproj", "{805C4596-CFAF-4E06-B4D0-EF228A75EEBF}"
EndProject
Project("{FAE04EC0-301F-11D3-BF4B-00C04F79EFBC}") = "NerdyMishka.KeePass.Core", "src\KeePass.Core\NerdyMishka.KeePass.Core.csproj", "{D441CDAD-3F47-4DC2-8B61-C731E458B89F}"
EndProject
Project("{FAE04EC0-301F-11D3-BF4B-00C04F79EFBC}") = "NerdyMishka.KeePass.Xml", "src\KeePass.Xml\NerdyMishka.KeePass.Xml.csproj", "{CE4A7015-CF9F-4FCD-8AF4-75FA3C5A5B39}"
EndProject
Project("{2150E333-8FDC-42A3-9474-1A3956D46DE8}") = "Extensions", "Extensions", "{6444BF0F-2EED-404A-AC00-CC756F4F4ED0}"
EndProject
Project("{FAE04EC0-301F-11D3-BF4B-00C04F79EFBC}") = "NerdyMishka.Extensions.Hosting.Console", "src\Extensions\Hosting.Console\NerdyMishka.Extensions.Hosting.Console.csproj", "{523ED03C-C365-4363-8429-CC33A24CAD0A}"
EndProject
Project("{2150E333-8FDC-42A3-9474-1A3956D46DE8}") = "Bcl", "Bcl", "{7ACBB370-996C-43C7-A01B-CC5A562B2133}"
EndProject
Project("{FAE04EC0-301F-11D3-BF4B-00C04F79EFBC}") = "NerdyMishka.Bits", "src\Bcl\Bits\NerdyMishka.Bits.csproj", "{8C25561B-BCE1-4746-B732-EF70856B6664}"
EndProject
Project("{FAE04EC0-301F-11D3-BF4B-00C04F79EFBC}") = "NerdyMishka.GoDark", "src\Bcl\GoDark\NerdyMishka.GoDark.csproj", "{BD89CEC1-050D-478F-9A0D-A888D4F916D4}"
EndProject
Project("{FAE04EC0-301F-11D3-BF4B-00C04F79EFBC}") = "NerdyMishka.Proto", "src\Bcl\Proto\NerdyMishka.Proto.csproj", "{4D85D802-8434-4976-9D82-C106371C3A46}"
EndProject
Project("{FAE04EC0-301F-11D3-BF4B-00C04F79EFBC}") = "NerdyMishka.MagicSatchel", "src\Bcl\MagicSatchel\NerdyMishka.MagicSatchel.csproj", "{794FA5B5-628B-4A64-A071-63A914BA3991}"
EndProject
Project("{2150E333-8FDC-42A3-9474-1A3956D46DE8}") = "test", "test", "{DA32C16D-7292-4EEC-90C5-59EC66CC018D}"
EndProject
Project("{2150E333-8FDC-42A3-9474-1A3956D46DE8}") = "Extensions", "Extensions", "{9F8D3C61-2523-47EC-8B4C-F4CDD1A615BD}"
EndProject
Project("{FAE04EC0-301F-11D3-BF4B-00C04F79EFBC}") = "NerdyMishka.Extensions.Hosting.Console.Tests", "test\Extensions\Hosting.Console.Tests\NerdyMishka.Extensions.Hosting.Console.Tests.csproj", "{A569086E-AA35-4F74-ABC6-27B5F0F25417}"
EndProject
Global
	GlobalSection(SolutionConfigurationPlatforms) = preSolution
		Debug|Any CPU = Debug|Any CPU
		Release|Any CPU = Release|Any CPU
	EndGlobalSection
	GlobalSection(ProjectConfigurationPlatforms) = postSolution
		{805C4596-CFAF-4E06-B4D0-EF228A75EEBF}.Debug|Any CPU.ActiveCfg = Debug|Any CPU
		{805C4596-CFAF-4E06-B4D0-EF228A75EEBF}.Debug|Any CPU.Build.0 = Debug|Any CPU
		{805C4596-CFAF-4E06-B4D0-EF228A75EEBF}.Release|Any CPU.ActiveCfg = Release|Any CPU
		{805C4596-CFAF-4E06-B4D0-EF228A75EEBF}.Release|Any CPU.Build.0 = Release|Any CPU
		{D441CDAD-3F47-4DC2-8B61-C731E458B89F}.Debug|Any CPU.ActiveCfg = Debug|Any CPU
		{D441CDAD-3F47-4DC2-8B61-C731E458B89F}.Debug|Any CPU.Build.0 = Debug|Any CPU
		{D441CDAD-3F47-4DC2-8B61-C731E458B89F}.Release|Any CPU.ActiveCfg = Release|Any CPU
		{D441CDAD-3F47-4DC2-8B61-C731E458B89F}.Release|Any CPU.Build.0 = Release|Any CPU
		{CE4A7015-CF9F-4FCD-8AF4-75FA3C5A5B39}.Debug|Any CPU.ActiveCfg = Debug|Any CPU
		{CE4A7015-CF9F-4FCD-8AF4-75FA3C5A5B39}.Debug|Any CPU.Build.0 = Debug|Any CPU
		{CE4A7015-CF9F-4FCD-8AF4-75FA3C5A5B39}.Release|Any CPU.ActiveCfg = Release|Any CPU
		{CE4A7015-CF9F-4FCD-8AF4-75FA3C5A5B39}.Release|Any CPU.Build.0 = Release|Any CPU
		{523ED03C-C365-4363-8429-CC33A24CAD0A}.Debug|Any CPU.ActiveCfg = Debug|Any CPU
		{523ED03C-C365-4363-8429-CC33A24CAD0A}.Debug|Any CPU.Build.0 = Debug|Any CPU
		{523ED03C-C365-4363-8429-CC33A24CAD0A}.Release|Any CPU.ActiveCfg = Release|Any CPU
		{523ED03C-C365-4363-8429-CC33A24CAD0A}.Release|Any CPU.Build.0 = Release|Any CPU
		{8C25561B-BCE1-4746-B732-EF70856B6664}.Debug|Any CPU.ActiveCfg = Debug|Any CPU
		{8C25561B-BCE1-4746-B732-EF70856B6664}.Debug|Any CPU.Build.0 = Debug|Any CPU
		{8C25561B-BCE1-4746-B732-EF70856B6664}.Release|Any CPU.ActiveCfg = Release|Any CPU
		{8C25561B-BCE1-4746-B732-EF70856B6664}.Release|Any CPU.Build.0 = Release|Any CPU
		{BD89CEC1-050D-478F-9A0D-A888D4F916D4}.Debug|Any CPU.ActiveCfg = Debug|Any CPU
		{BD89CEC1-050D-478F-9A0D-A888D4F916D4}.Debug|Any CPU.Build.0 = Debug|Any CPU
		{BD89CEC1-050D-478F-9A0D-A888D4F916D4}.Release|Any CPU.ActiveCfg = Release|Any CPU
		{BD89CEC1-050D-478F-9A0D-A888D4F916D4}.Release|Any CPU.Build.0 = Release|Any CPU
		{4D85D802-8434-4976-9D82-C106371C3A46}.Debug|Any CPU.ActiveCfg = Debug|Any CPU
		{4D85D802-8434-4976-9D82-C106371C3A46}.Debug|Any CPU.Build.0 = Debug|Any CPU
		{4D85D802-8434-4976-9D82-C106371C3A46}.Release|Any CPU.ActiveCfg = Release|Any CPU
		{4D85D802-8434-4976-9D82-C106371C3A46}.Release|Any CPU.Build.0 = Release|Any CPU
		{794FA5B5-628B-4A64-A071-63A914BA3991}.Debug|Any CPU.ActiveCfg = Debug|Any CPU
		{794FA5B5-628B-4A64-A071-63A914BA3991}.Debug|Any CPU.Build.0 = Debug|Any CPU
		{794FA5B5-628B-4A64-A071-63A914BA3991}.Release|Any CPU.ActiveCfg = Release|Any CPU
		{794FA5B5-628B-4A64-A071-63A914BA3991}.Release|Any CPU.Build.0 = Release|Any CPU
		{A569086E-AA35-4F74-ABC6-27B5F0F25417}.Debug|Any CPU.ActiveCfg = Debug|Any CPU
		{A569086E-AA35-4F74-ABC6-27B5F0F25417}.Debug|Any CPU.Build.0 = Debug|Any CPU
		{A569086E-AA35-4F74-ABC6-27B5F0F25417}.Release|Any CPU.ActiveCfg = Release|Any CPU
		{A569086E-AA35-4F74-ABC6-27B5F0F25417}.Release|Any CPU.Build.0 = Release|Any CPU
	EndGlobalSection
	GlobalSection(SolutionProperties) = preSolution
		HideSolutionNode = FALSE
	EndGlobalSection
	GlobalSection(NestedProjects) = preSolution
		{805C4596-CFAF-4E06-B4D0-EF228A75EEBF} = {DB042499-08A3-4C34-9231-1372043915F2}
		{D441CDAD-3F47-4DC2-8B61-C731E458B89F} = {DB042499-08A3-4C34-9231-1372043915F2}
		{CE4A7015-CF9F-4FCD-8AF4-75FA3C5A5B39} = {DB042499-08A3-4C34-9231-1372043915F2}
		{6444BF0F-2EED-404A-AC00-CC756F4F4ED0} = {DB042499-08A3-4C34-9231-1372043915F2}
		{523ED03C-C365-4363-8429-CC33A24CAD0A} = {6444BF0F-2EED-404A-AC00-CC756F4F4ED0}
		{7ACBB370-996C-43C7-A01B-CC5A562B2133} = {DB042499-08A3-4C34-9231-1372043915F2}
		{8C25561B-BCE1-4746-B732-EF70856B6664} = {7ACBB370-996C-43C7-A01B-CC5A562B2133}
		{BD89CEC1-050D-478F-9A0D-A888D4F916D4} = {7ACBB370-996C-43C7-A01B-CC5A562B2133}
		{4D85D802-8434-4976-9D82-C106371C3A46} = {7ACBB370-996C-43C7-A01B-CC5A562B2133}
		{794FA5B5-628B-4A64-A071-63A914BA3991} = {7ACBB370-996C-43C7-A01B-CC5A562B2133}
		{9F8D3C61-2523-47EC-8B4C-F4CDD1A615BD} = {DA32C16D-7292-4EEC-90C5-59EC66CC018D}
		{A569086E-AA35-4F74-ABC6-27B5F0F25417} = {9F8D3C61-2523-47EC-8B4C-F4CDD1A615BD}
	EndGlobalSection
	GlobalSection(ExtensibilityGlobals) = postSolution
		SolutionGuid = {16666A01-3CC0-4111-8A58-9A6CA34CD76C}
	EndGlobalSection
EndGlobal
