Microsoft Visual Studio Solution File, Format Version 12.00
# Visual Studio 15
VisualStudioVersion = 15.0.26124.0
MinimumVisualStudioVersion = 15.0.26124.0
Project("{2150E333-8FDC-42A3-9474-1A3956D46DE8}") = "src", "src", "{DB042499-08A3-4C34-9231-1372043915F2}"
EndProject
Project("{2150E333-8FDC-42A3-9474-1A3956D46DE8}") = "test", "test", "{6EBD35EF-665A-42C5-A72F-D20E20455F72}"
EndProject
Project("{9A19103F-16F7-4668-BE54-9A1E7A4F7556}") = "NerdyMishka.Flex", "src\Flex\NerdyMishka.Flex.csproj", "{3F8CF967-5CA5-4F14-8FA3-1C02115E13BF}"
EndProject
Project("{9A19103F-16F7-4668-BE54-9A1E7A4F7556}") = "NerdyMishka.Flex.Yaml", "src\Flex.Yaml\NerdyMishka.Flex.Yaml.csproj", "{6A5ABED3-9CB4-415F-AF17-4BE475C6C6D7}"
EndProject
Project("{9A19103F-16F7-4668-BE54-9A1E7A4F7556}") = "NerdyMishka.Flex.Tests", "test\Flex.Tests\NerdyMishka.Flex.Tests.csproj", "{F44265CC-F490-40FE-9B5E-61450F390B2B}"
EndProject
Project("{FAE04EC0-301F-11D3-BF4B-00C04F79EFBC}") = "NerdyMishka.Akashic", "src\Akashic\NerdyMishka.Akashic.csproj", "{805C4596-CFAF-4E06-B4D0-EF228A75EEBF}"
EndProject
Project("{FAE04EC0-301F-11D3-BF4B-00C04F79EFBC}") = "NerdyMishka.Akashic.Tests", "test\Akashic.Tests\NerdyMishka.Akashic.Tests.csproj", "{38533004-780A-4C05-905A-AC9D08118041}"
EndProject
Project("{FAE04EC0-301F-11D3-BF4B-00C04F79EFBC}") = "NerdyMishka.Bits", "src\Bits\NerdyMishka.Bits.csproj", "{B9796865-EEF5-4499-878E-D446E680AD2B}"
EndProject
Project("{FAE04EC0-301F-11D3-BF4B-00C04F79EFBC}") = "NerdyMishka.GoDark", "src\GoDark\NerdyMishka.GoDark.csproj", "{1305289B-AE43-454D-A6F5-272599B5CFAE}"
EndProject
Project("{FAE04EC0-301F-11D3-BF4B-00C04F79EFBC}") = "NerdyMishka.MagicSatchel", "src\MagicSatchel\NerdyMishka.MagicSatchel.csproj", "{7DD86188-1B6D-4499-A213-218A3AC172A9}"
EndProject
Project("{FAE04EC0-301F-11D3-BF4B-00C04F79EFBC}") = "NerdyMishka.Akashic.MsSql", "src\Akashic.MsSql\NerdyMishka.Akashic.MsSql.csproj", "{100B0E09-5415-40A1-BAA8-E08F2B078158}"
EndProject
Project("{FAE04EC0-301F-11D3-BF4B-00C04F79EFBC}") = "NerdyMishka.Akashic.PsSql", "src\Akashic.PgSql\NerdyMishka.Akashic.PsSql.csproj", "{518872B5-AE1D-4A9E-B4C9-63002CCEC391}"
EndProject
Project("{FAE04EC0-301F-11D3-BF4B-00C04F79EFBC}") = "NerdyMishka.KeePass.Core", "src\KeePass.Core\NerdyMishka.KeePass.Core.csproj", "{D441CDAD-3F47-4DC2-8B61-C731E458B89F}"
EndProject
Project("{FAE04EC0-301F-11D3-BF4B-00C04F79EFBC}") = "NerdyMishka.KeePass.Xml", "src\KeePass.Xml\NerdyMishka.KeePass.Xml.csproj", "{CE4A7015-CF9F-4FCD-8AF4-75FA3C5A5B39}"
EndProject
Project("{FAE04EC0-301F-11D3-BF4B-00C04F79EFBC}") = "NerdyMishka.KeePass.Core.Tests", "test\KeePass.Core.Tests\NerdyMishka.KeePass.Core.Tests.csproj", "{22CCDFA5-264F-4AC3-81DF-333E765DED79}"
EndProject
Project("{FAE04EC0-301F-11D3-BF4B-00C04F79EFBC}") = "NerdyMishka.KeePass.Integration.Tests", "test\KeePass.Integration.Tests\NerdyMishka.KeePass.Integration.Tests.csproj", "{12DE599B-F589-4556-A7D5-F58AD5FD05DE}"
EndProject
Global
	GlobalSection(SolutionConfigurationPlatforms) = preSolution
		Debug|Any CPU = Debug|Any CPU
		Release|Any CPU = Release|Any CPU
	EndGlobalSection
	GlobalSection(ProjectConfigurationPlatforms) = postSolution
		{3F8CF967-5CA5-4F14-8FA3-1C02115E13BF}.Debug|Any CPU.ActiveCfg = Debug|Any CPU
		{3F8CF967-5CA5-4F14-8FA3-1C02115E13BF}.Debug|Any CPU.Build.0 = Debug|Any CPU
		{3F8CF967-5CA5-4F14-8FA3-1C02115E13BF}.Release|Any CPU.ActiveCfg = Release|Any CPU
		{3F8CF967-5CA5-4F14-8FA3-1C02115E13BF}.Release|Any CPU.Build.0 = Release|Any CPU
		{6A5ABED3-9CB4-415F-AF17-4BE475C6C6D7}.Debug|Any CPU.ActiveCfg = Debug|Any CPU
		{6A5ABED3-9CB4-415F-AF17-4BE475C6C6D7}.Debug|Any CPU.Build.0 = Debug|Any CPU
		{6A5ABED3-9CB4-415F-AF17-4BE475C6C6D7}.Release|Any CPU.ActiveCfg = Release|Any CPU
		{6A5ABED3-9CB4-415F-AF17-4BE475C6C6D7}.Release|Any CPU.Build.0 = Release|Any CPU
		{F44265CC-F490-40FE-9B5E-61450F390B2B}.Debug|Any CPU.ActiveCfg = Debug|Any CPU
		{F44265CC-F490-40FE-9B5E-61450F390B2B}.Debug|Any CPU.Build.0 = Debug|Any CPU
		{F44265CC-F490-40FE-9B5E-61450F390B2B}.Release|Any CPU.ActiveCfg = Release|Any CPU
		{F44265CC-F490-40FE-9B5E-61450F390B2B}.Release|Any CPU.Build.0 = Release|Any CPU
		{805C4596-CFAF-4E06-B4D0-EF228A75EEBF}.Debug|Any CPU.ActiveCfg = Debug|Any CPU
		{805C4596-CFAF-4E06-B4D0-EF228A75EEBF}.Debug|Any CPU.Build.0 = Debug|Any CPU
		{805C4596-CFAF-4E06-B4D0-EF228A75EEBF}.Release|Any CPU.ActiveCfg = Release|Any CPU
		{805C4596-CFAF-4E06-B4D0-EF228A75EEBF}.Release|Any CPU.Build.0 = Release|Any CPU
		{38533004-780A-4C05-905A-AC9D08118041}.Debug|Any CPU.ActiveCfg = Debug|Any CPU
		{38533004-780A-4C05-905A-AC9D08118041}.Debug|Any CPU.Build.0 = Debug|Any CPU
		{38533004-780A-4C05-905A-AC9D08118041}.Release|Any CPU.ActiveCfg = Release|Any CPU
		{38533004-780A-4C05-905A-AC9D08118041}.Release|Any CPU.Build.0 = Release|Any CPU
		{B9796865-EEF5-4499-878E-D446E680AD2B}.Debug|Any CPU.ActiveCfg = Debug|Any CPU
		{B9796865-EEF5-4499-878E-D446E680AD2B}.Debug|Any CPU.Build.0 = Debug|Any CPU
		{B9796865-EEF5-4499-878E-D446E680AD2B}.Release|Any CPU.ActiveCfg = Release|Any CPU
		{B9796865-EEF5-4499-878E-D446E680AD2B}.Release|Any CPU.Build.0 = Release|Any CPU
		{1305289B-AE43-454D-A6F5-272599B5CFAE}.Debug|Any CPU.ActiveCfg = Debug|Any CPU
		{1305289B-AE43-454D-A6F5-272599B5CFAE}.Debug|Any CPU.Build.0 = Debug|Any CPU
		{1305289B-AE43-454D-A6F5-272599B5CFAE}.Release|Any CPU.ActiveCfg = Release|Any CPU
		{1305289B-AE43-454D-A6F5-272599B5CFAE}.Release|Any CPU.Build.0 = Release|Any CPU
		{7DD86188-1B6D-4499-A213-218A3AC172A9}.Debug|Any CPU.ActiveCfg = Debug|Any CPU
		{7DD86188-1B6D-4499-A213-218A3AC172A9}.Debug|Any CPU.Build.0 = Debug|Any CPU
		{7DD86188-1B6D-4499-A213-218A3AC172A9}.Release|Any CPU.ActiveCfg = Release|Any CPU
		{7DD86188-1B6D-4499-A213-218A3AC172A9}.Release|Any CPU.Build.0 = Release|Any CPU
		{100B0E09-5415-40A1-BAA8-E08F2B078158}.Debug|Any CPU.ActiveCfg = Debug|Any CPU
		{100B0E09-5415-40A1-BAA8-E08F2B078158}.Debug|Any CPU.Build.0 = Debug|Any CPU
		{100B0E09-5415-40A1-BAA8-E08F2B078158}.Release|Any CPU.ActiveCfg = Release|Any CPU
		{100B0E09-5415-40A1-BAA8-E08F2B078158}.Release|Any CPU.Build.0 = Release|Any CPU
		{518872B5-AE1D-4A9E-B4C9-63002CCEC391}.Debug|Any CPU.ActiveCfg = Debug|Any CPU
		{518872B5-AE1D-4A9E-B4C9-63002CCEC391}.Debug|Any CPU.Build.0 = Debug|Any CPU
		{518872B5-AE1D-4A9E-B4C9-63002CCEC391}.Release|Any CPU.ActiveCfg = Release|Any CPU
		{518872B5-AE1D-4A9E-B4C9-63002CCEC391}.Release|Any CPU.Build.0 = Release|Any CPU
		{D441CDAD-3F47-4DC2-8B61-C731E458B89F}.Debug|Any CPU.ActiveCfg = Debug|Any CPU
		{D441CDAD-3F47-4DC2-8B61-C731E458B89F}.Debug|Any CPU.Build.0 = Debug|Any CPU
		{D441CDAD-3F47-4DC2-8B61-C731E458B89F}.Release|Any CPU.ActiveCfg = Release|Any CPU
		{D441CDAD-3F47-4DC2-8B61-C731E458B89F}.Release|Any CPU.Build.0 = Release|Any CPU
		{CE4A7015-CF9F-4FCD-8AF4-75FA3C5A5B39}.Debug|Any CPU.ActiveCfg = Debug|Any CPU
		{CE4A7015-CF9F-4FCD-8AF4-75FA3C5A5B39}.Debug|Any CPU.Build.0 = Debug|Any CPU
		{CE4A7015-CF9F-4FCD-8AF4-75FA3C5A5B39}.Release|Any CPU.ActiveCfg = Release|Any CPU
		{CE4A7015-CF9F-4FCD-8AF4-75FA3C5A5B39}.Release|Any CPU.Build.0 = Release|Any CPU
		{22CCDFA5-264F-4AC3-81DF-333E765DED79}.Debug|Any CPU.ActiveCfg = Debug|Any CPU
		{22CCDFA5-264F-4AC3-81DF-333E765DED79}.Debug|Any CPU.Build.0 = Debug|Any CPU
		{22CCDFA5-264F-4AC3-81DF-333E765DED79}.Release|Any CPU.ActiveCfg = Release|Any CPU
		{22CCDFA5-264F-4AC3-81DF-333E765DED79}.Release|Any CPU.Build.0 = Release|Any CPU
		{12DE599B-F589-4556-A7D5-F58AD5FD05DE}.Debug|Any CPU.ActiveCfg = Debug|Any CPU
		{12DE599B-F589-4556-A7D5-F58AD5FD05DE}.Debug|Any CPU.Build.0 = Debug|Any CPU
		{12DE599B-F589-4556-A7D5-F58AD5FD05DE}.Release|Any CPU.ActiveCfg = Release|Any CPU
		{12DE599B-F589-4556-A7D5-F58AD5FD05DE}.Release|Any CPU.Build.0 = Release|Any CPU
	EndGlobalSection
	GlobalSection(SolutionProperties) = preSolution
		HideSolutionNode = FALSE
	EndGlobalSection
	GlobalSection(NestedProjects) = preSolution
		{3F8CF967-5CA5-4F14-8FA3-1C02115E13BF} = {DB042499-08A3-4C34-9231-1372043915F2}
		{6A5ABED3-9CB4-415F-AF17-4BE475C6C6D7} = {DB042499-08A3-4C34-9231-1372043915F2}
		{F44265CC-F490-40FE-9B5E-61450F390B2B} = {6EBD35EF-665A-42C5-A72F-D20E20455F72}
		{805C4596-CFAF-4E06-B4D0-EF228A75EEBF} = {DB042499-08A3-4C34-9231-1372043915F2}
		{38533004-780A-4C05-905A-AC9D08118041} = {6EBD35EF-665A-42C5-A72F-D20E20455F72}
		{B9796865-EEF5-4499-878E-D446E680AD2B} = {DB042499-08A3-4C34-9231-1372043915F2}
		{1305289B-AE43-454D-A6F5-272599B5CFAE} = {DB042499-08A3-4C34-9231-1372043915F2}
		{7DD86188-1B6D-4499-A213-218A3AC172A9} = {DB042499-08A3-4C34-9231-1372043915F2}
		{100B0E09-5415-40A1-BAA8-E08F2B078158} = {DB042499-08A3-4C34-9231-1372043915F2}
		{518872B5-AE1D-4A9E-B4C9-63002CCEC391} = {DB042499-08A3-4C34-9231-1372043915F2}
		{D441CDAD-3F47-4DC2-8B61-C731E458B89F} = {DB042499-08A3-4C34-9231-1372043915F2}
		{CE4A7015-CF9F-4FCD-8AF4-75FA3C5A5B39} = {DB042499-08A3-4C34-9231-1372043915F2}
		{22CCDFA5-264F-4AC3-81DF-333E765DED79} = {6EBD35EF-665A-42C5-A72F-D20E20455F72}
		{12DE599B-F589-4556-A7D5-F58AD5FD05DE} = {6EBD35EF-665A-42C5-A72F-D20E20455F72}
	EndGlobalSection
	GlobalSection(ExtensibilityGlobals) = postSolution
		SolutionGuid = {16666A01-3CC0-4111-8A58-9A6CA34CD76C}
	EndGlobalSection
EndGlobal
